// !$*UTF8*$!
{
    archiveVersion = 1;
    classes = {};
    objectVersion = 56;
    objects = {
        A00000000000000000000001 = {isa = PBXBuildFile; fileRef = B00000000000000000000001; };
        A00000000000000000000002 = {isa = PBXBuildFile; fileRef = B00000000000000000000002; };
        A00000000000000000000003 = {isa = PBXBuildFile; fileRef = B00000000000000000000003; };
        A00000000000000000000004 = {isa = PBXBuildFile; fileRef = B00000000000000000000004; };
        A00000000000000000000005 = {isa = PBXBuildFile; fileRef = B00000000000000000000005; };
        B00000000000000000000001 = {isa = PBXFileReference; lastKnownFileType = sourcecode.swift; path = COAIApp.swift; sourceTree = "<group>"; };
        B00000000000000000000002 = {isa = PBXFileReference; lastKnownFileType = sourcecode.swift; path = COAIWebView.swift; sourceTree = "<group>"; };
        B00000000000000000000003 = {isa = PBXFileReference; lastKnownFileType = sourcecode.swift; path = RestTimerView.swift; sourceTree = "<group>"; };
        B00000000000000000000004 = {isa = PBXFileReference; lastKnownFileType = sourcecode.swift; path = NavigationPolicy.swift; sourceTree = "<group>"; };
        B00000000000000000000005 = {isa = PBXFileReference; lastKnownFileType = sourcecode.swift; path = RestClock.swift; sourceTree = "<group>"; };
        B00000000000000000000006 = {isa = PBXFileReference; lastKnownFileType = text.plist.xml; path = Info.plist; sourceTree = "<group>"; };
        B00000000000000000000007 = {isa = PBXFileReference; explicitFileType = wrapper.application; includeInIndex = 0; path = COAI.app; sourceTree = BUILT_PRODUCTS_DIR; };
        C00000000000000000000001 = {isa = PBXGroup; children = (C00000000000000000000002, C00000000000000000000004); sourceTree = "<group>"; };
        C00000000000000000000002 = {isa = PBXGroup; children = (B00000000000000000000001, B00000000000000000000002, B00000000000000000000003, C00000000000000000000003, B00000000000000000000006); path = COAI; sourceTree = "<group>"; };
        C00000000000000000000003 = {isa = PBXGroup; children = (B00000000000000000000004, B00000000000000000000005); path = Core; sourceTree = "<group>"; };
        C00000000000000000000004 = {isa = PBXGroup; children = (B00000000000000000000007); name = Products; sourceTree = "<group>"; };
        D00000000000000000000001 = {isa = PBXSourcesBuildPhase; buildActionMask = 2147483647; files = (A00000000000000000000001, A00000000000000000000002, A00000000000000000000003, A00000000000000000000004, A00000000000000000000005); runOnlyForDeploymentPostprocessing = 0; };
        D00000000000000000000002 = {isa = PBXFrameworksBuildPhase; buildActionMask = 2147483647; files = (); runOnlyForDeploymentPostprocessing = 0; };
        D00000000000000000000003 = {isa = PBXResourcesBuildPhase; buildActionMask = 2147483647; files = (); runOnlyForDeploymentPostprocessing = 0; };
        E00000000000000000000001 = {
            isa = PBXNativeTarget;
            buildConfigurationList = F00000000000000000000002;
            buildPhases = (D00000000000000000000001, D00000000000000000000002, D00000000000000000000003);
            buildRules = (); dependencies = (); name = COAI; productName = COAI;
            productReference = B00000000000000000000007;
            productType = "com.apple.product-type.application";
        };
        E00000000000000000000002 = {
            isa = PBXProject;
            attributes = {BuildIndependentTargetsInParallel = YES; LastUpgradeCheck = 1600; TargetAttributes = {E00000000000000000000001 = {CreatedOnToolsVersion = 16.0; }; }; };
            buildConfigurationList = F00000000000000000000001;
            compatibilityVersion = "Xcode 14.0"; developmentRegion = fr; hasScannedForEncodings = 0;
            knownRegions = (fr, en, Base); mainGroup = C00000000000000000000001;
            productRefGroup = C00000000000000000000004;
            projectDirPath = ""; projectRoot = ""; targets = (E00000000000000000000001);
        };
        F00000000000000000000001 = {isa = XCConfigurationList; buildConfigurations = (F10000000000000000000001, F10000000000000000000002); defaultConfigurationIsVisible = 0; defaultConfigurationName = Release; };
        F00000000000000000000002 = {isa = XCConfigurationList; buildConfigurations = (F20000000000000000000001, F20000000000000000000002); defaultConfigurationIsVisible = 0; defaultConfigurationName = Release; };
        F10000000000000000000001 = {isa = XCBuildConfiguration; buildSettings = {CLANG_ENABLE_MODULES = YES; SDKROOT = iphoneos; IPHONEOS_DEPLOYMENT_TARGET = 16.0; SWIFT_OPTIMIZATION_LEVEL = "-Onone"; DEBUG_INFORMATION_FORMAT = dwarf; }; name = Debug; };
        F10000000000000000000002 = {isa = XCBuildConfiguration; buildSettings = {CLANG_ENABLE_MODULES = YES; SDKROOT = iphoneos; IPHONEOS_DEPLOYMENT_TARGET = 16.0; SWIFT_COMPILATION_MODE = wholemodule; SWIFT_OPTIMIZATION_LEVEL = "-O"; DEBUG_INFORMATION_FORMAT = "dwarf-with-dsym"; }; name = Release; };
        F20000000000000000000001 = {isa = XCBuildConfiguration; buildSettings = {CODE_SIGN_STYLE = Automatic; CURRENT_PROJECT_VERSION = 1; GENERATE_INFOPLIST_FILE = NO; INFOPLIST_FILE = COAI/Info.plist; MARKETING_VERSION = 0.1.0; PRODUCT_BUNDLE_IDENTIFIER = fr.coai.mobile; PRODUCT_NAME = "$(TARGET_NAME)"; SUPPORTED_PLATFORMS = "iphoneos iphonesimulator"; SUPPORTS_MACCATALYST = NO; SWIFT_VERSION = 5.0; TARGETED_DEVICE_FAMILY = 1; SWIFT_ACTIVE_COMPILATION_CONDITIONS = DEBUG; }; name = Debug; };
        F20000000000000000000002 = {isa = XCBuildConfiguration; buildSettings = {CODE_SIGN_STYLE = Automatic; CURRENT_PROJECT_VERSION = 1; GENERATE_INFOPLIST_FILE = NO; INFOPLIST_FILE = COAI/Info.plist; MARKETING_VERSION = 0.1.0; PRODUCT_BUNDLE_IDENTIFIER = fr.coai.mobile; PRODUCT_NAME = "$(TARGET_NAME)"; SUPPORTED_PLATFORMS = "iphoneos iphonesimulator"; SUPPORTS_MACCATALYST = NO; SWIFT_VERSION = 5.0; TARGETED_DEVICE_FAMILY = 1; }; name = Release; };
    };
    rootObject = E00000000000000000000002;
}
