<?xml version="1.0" encoding="UTF-8"?>
<Scheme LastUpgradeVersion="1600" version="1.7">
  <BuildAction parallelizeBuildables="YES" buildImplicitDependencies="YES">
    <BuildActionEntries><BuildActionEntry buildForTesting="YES" buildForRunning="YES" buildForProfiling="NO" buildForArchiving="NO" buildForAnalyzing="YES">
      <BuildableReference BuildableIdentifier="primary" BlueprintIdentifier="E00000000000000000000001" BuildableName="COAI.app" BlueprintName="COAI" ReferencedContainer="container:COAI.xcodeproj"/>
    </BuildActionEntry></BuildActionEntries>
  </BuildAction>
  <TestAction buildConfiguration="Debug" selectedDebuggerIdentifier="Xcode.DebuggerFoundation.Debugger.LLDB" selectedLauncherIdentifier="Xcode.DebuggerFoundation.Launcher.LLDB" shouldUseLaunchSchemeArgsEnv="YES">
    <Testables><TestableReference skipped="NO">
      <BuildableReference BuildableIdentifier="primary" BlueprintIdentifier="E00000000000000000000040" BuildableName="COAIStoreKitTests.xctest" BlueprintName="COAIStoreKitTests" ReferencedContainer="container:COAI.xcodeproj"/>
    </TestableReference></Testables>
  </TestAction>
  <LaunchAction buildConfiguration="Debug" selectedDebuggerIdentifier="Xcode.DebuggerFoundation.Debugger.LLDB" selectedLauncherIdentifier="Xcode.IDEFoundation.Launcher.LLDB" launchStyle="0" useCustomWorkingDirectory="NO" ignoresPersistentStateOnLaunch="NO" debugDocumentVersioning="YES" allowLocationSimulation="YES">
    <BuildableProductRunnable runnableDebuggingMode="0"><BuildableReference BuildableIdentifier="primary" BlueprintIdentifier="E00000000000000000000001" BuildableName="COAI.app" BlueprintName="COAI" ReferencedContainer="container:COAI.xcodeproj"/></BuildableProductRunnable>
    <CommandLineArguments><CommandLineArgument argument="-COAIDownloadFixture" isEnabled="YES"/></CommandLineArguments>
    <StoreKitConfigurationFileReference identifier="../../StoreKitTests/COAILocal.storekit"/>
  </LaunchAction>
</Scheme>
